
Microsoft Visual Studio Solution File, Format Version 12.00
# Visual Studio Version 16
VisualStudioVersion = 16.0.31005.135
MinimumVisualStudioVersion = 10.0.40219.1
Project("{FAE04EC0-301F-11D3-BF4B-00C04F79EFBC}") = "Shop", "Shop\Shop.csproj", "{F6A9FFB8-BAD7-4252-A8AA-253F16E1810B}"
EndProject
Project("{FAE04EC0-301F-11D3-BF4B-00C04F79EFBC}") = "ShopLibrary", "ShopLibrary\ShopLibrary.csproj", "{BC1D8AB5-8143-4A1B-A785-9F8FFC2DA756}"
EndProject
Global
	GlobalSection(SolutionConfigurationPlatforms) = preSolution
		Debug|Any CPU = Debug|Any CPU
		Release|Any CPU = Release|Any CPU
	EndGlobalSection
	GlobalSection(ProjectConfigurationPlatforms) = postSolution
		{F6A9FFB8-BAD7-4252-A8AA-253F16E1810B}.Debug|Any CPU.ActiveCfg = Debug|Any CPU
		{F6A9FFB8-BAD7-4252-A8AA-253F16E1810B}.Debug|Any CPU.Build.0 = Debug|Any CPU
		{F6A9FFB8-BAD7-4252-A8AA-253F16E1810B}.Release|Any CPU.ActiveCfg = Release|Any CPU
		{F6A9FFB8-BAD7-4252-A8AA-253F16E1810B}.Release|Any CPU.Build.0 = Release|Any CPU
		{BC1D8AB5-8143-4A1B-A785-9F8FFC2DA756}.Debug|Any CPU.ActiveCfg = Debug|Any CPU
		{BC1D8AB5-8143-4A1B-A785-9F8FFC2DA756}.Debug|Any CPU.Build.0 = Debug|Any CPU
		{BC1D8AB5-8143-4A1B-A785-9F8FFC2DA756}.Release|Any CPU.ActiveCfg = Release|Any CPU
		{BC1D8AB5-8143-4A1B-A785-9F8FFC2DA756}.Release|Any CPU.Build.0 = Release|Any CPU
	EndGlobalSection
	GlobalSection(SolutionProperties) = preSolution
		HideSolutionNode = FALSE
	EndGlobalSection
	GlobalSection(ExtensibilityGlobals) = postSolution
		SolutionGuid = {22D65ABC-7478-44DC-B14B-ABAB0277440D}
	EndGlobalSection
EndGlobal
